
Microsoft Visual Studio Solution File, Format Version 12.00
# Visual Studio Version 17
VisualStudioVersion = 17.4.33213.308
MinimumVisualStudioVersion = 10.0.40219.1
Project("{FAE04EC0-301F-11D3-BF4B-00C04F79EFBC}") = "assignment_1", "assignment_1\assignment_1.csproj", "{9CEF2FC0-3177-45D3-A0FE-E32AD7F98131}"
EndProject
Global
	GlobalSection(SolutionConfigurationPlatforms) = preSolution
		Debug|Any CPU = Debug|Any CPU
		Release|Any CPU = Release|Any CPU
	EndGlobalSection
	GlobalSection(ProjectConfigurationPlatforms) = postSolution
		{9CEF2FC0-3177-45D3-A0FE-E32AD7F98131}.Debug|Any CPU.ActiveCfg = Debug|Any CPU
		{9CEF2FC0-3177-45D3-A0FE-E32AD7F98131}.Debug|Any CPU.Build.0 = Debug|Any CPU
		{9CEF2FC0-3177-45D3-A0FE-E32AD7F98131}.Release|Any CPU.ActiveCfg = Release|Any CPU
		{9CEF2FC0-3177-45D3-A0FE-E32AD7F98131}.Release|Any CPU.Build.0 = Release|Any CPU
	EndGlobalSection
	GlobalSection(SolutionProperties) = preSolution
		HideSolutionNode = FALSE
	EndGlobalSection
	GlobalSection(ExtensibilityGlobals) = postSolution
		SolutionGuid = {7DAF3C65-883D-42E9-8842-A25163185464}
	EndGlobalSection
EndGlobal
